// !$*UTF8*$!
{
	archiveVersion = 1;
	classes = {
	};
	objectVersion = 50;
	objects = {

/* Begin PBXBuildFile section */
		F805A06A251E137900C33E52 /* ZAPCustomViewWithXib.swift in Sources */ = {isa = PBXBuildFile; fileRef = F805A069251E137900C33E52 /* ZAPCustomViewWithXib.swift */; };
		F80A856221C50B1000B5771B /* WKWebViewUtilities.swift in Sources */ = {isa = PBXBuildFile; fileRef = F80A856121C50B1000B5771B /* WKWebViewUtilities.swift */; };
		F80A856821C5B0F500B5771B /* UIBarButtonItemUtilities.swift in Sources */ = {isa = PBXBuildFile; fileRef = F80A856721C5B0F500B5771B /* UIBarButtonItemUtilities.swift */; };
		F80B9B6022A4ED1200E4EC88 /* UIImageUtilities.swift in Sources */ = {isa = PBXBuildFile; fileRef = F80B9B5F22A4ED1200E4EC88 /* UIImageUtilities.swift */; };
		F810493C21E6921F00CE6787 /* UIViewControllerUtilities.swift in Sources */ = {isa = PBXBuildFile; fileRef = F810493B21E6921F00CE6787 /* UIViewControllerUtilities.swift */; };
		F82530892549C97F00810F6C /* DataUtilities.swift in Sources */ = {isa = PBXBuildFile; fileRef = F82530882549C97F00810F6C /* DataUtilities.swift */; };
		F83362CE238E519D00830DBE /* UITableViewUtilities.swift in Sources */ = {isa = PBXBuildFile; fileRef = F83362CD238E519D00830DBE /* UITableViewUtilities.swift */; };
		F84C9D78227B34EF00ECAC0C /* URLResponseUtilities.swift in Sources */ = {isa = PBXBuildFile; fileRef = F84C9D77227B34EF00ECAC0C /* URLResponseUtilities.swift */; };
		F88852FE22A904DD00B5BE6E /* UIButtonUtilities.swift in Sources */ = {isa = PBXBuildFile; fileRef = F88852FD22A904DD00B5BE6E /* UIButtonUtilities.swift */; };
		F89D8CCD220EEF4800DE61CA /* ad_server_domains.txt in Resources */ = {isa = PBXBuildFile; fileRef = F89D8CCC220EEF4800DE61CA /* ad_server_domains.txt */; };
		F8A349A0237E7D9800D6C5E2 /* ZAPClickableTableViewTextView.swift in Sources */ = {isa = PBXBuildFile; fileRef = F8A3499F237E7D9800D6C5E2 /* ZAPClickableTableViewTextView.swift */; };
		F8AC239623C23C1400820A53 /* UISplitViewControllerUtilities.swift in Sources */ = {isa = PBXBuildFile; fileRef = F8AC239523C23C1400820A53 /* UISplitViewControllerUtilities.swift */; };
		F8AC29B922AB1C92009E4D2E /* UIColorUtilities.swift in Sources */ = {isa = PBXBuildFile; fileRef = F8AC29B822AB1C92009E4D2E /* UIColorUtilities.swift */; };
		F8B215E921B959B3002B6210 /* NSAttributedStringUtilities.swift in Sources */ = {isa = PBXBuildFile; fileRef = F8B215E821B959B3002B6210 /* NSAttributedStringUtilities.swift */; };
		F8B53B04228933B8005BB95B /* URLSessionUtilities.swift in Sources */ = {isa = PBXBuildFile; fileRef = F8B53B03228933B8005BB95B /* URLSessionUtilities.swift */; };
		F8C2B33A2196E02A00D42440 /* ZAPFoundationUIKitUtilities.framework in Frameworks */ = {isa = PBXBuildFile; fileRef = F8C2B3302196E02A00D42440 /* ZAPFoundationUIKitUtilities.framework */; };
		F8C2B33F2196E02A00D42440 /* ZAPFoundationUIKitUtilitiesTests.swift in Sources */ = {isa = PBXBuildFile; fileRef = F8C2B33E2196E02A00D42440 /* ZAPFoundationUIKitUtilitiesTests.swift */; };
		F8C2B3412196E02A00D42440 /* ZAPFoundationUIKitUtilities.h in Headers */ = {isa = PBXBuildFile; fileRef = F8C2B3332196E02A00D42440 /* ZAPFoundationUIKitUtilities.h */; settings = {ATTRIBUTES = (Public, ); }; };
		F8C2B34D2196E0C900D42440 /* StringUtilities.swift in Sources */ = {isa = PBXBuildFile; fileRef = F8C2B34A2196E0C800D42440 /* StringUtilities.swift */; };
		F8C2B34E2196E0C900D42440 /* NSRegularExpressionUtilities.swift in Sources */ = {isa = PBXBuildFile; fileRef = F8C2B34B2196E0C800D42440 /* NSRegularExpressionUtilities.swift */; };
		F8C2B34F2196E0C900D42440 /* URLUtilities.swift in Sources */ = {isa = PBXBuildFile; fileRef = F8C2B34C2196E0C800D42440 /* URLUtilities.swift */; };
		F8C2B35B2197042900D42440 /* ZAPStaticTableViewController.swift in Sources */ = {isa = PBXBuildFile; fileRef = F8C2B35A2197042900D42440 /* ZAPStaticTableViewController.swift */; };
		F8C2B3732198C50200D42440 /* DateUtilities.swift in Sources */ = {isa = PBXBuildFile; fileRef = F8C2B3722198C50200D42440 /* DateUtilities.swift */; };
		F8C56CD621C26C7000F1921E /* BundleUtilities.swift in Sources */ = {isa = PBXBuildFile; fileRef = F8C56CD521C26C7000F1921E /* BundleUtilities.swift */; };
		F8CD2D2E224CCDA000F01EDE /* AppDelegate.swift in Sources */ = {isa = PBXBuildFile; fileRef = F8CD2D2D224CCDA000F01EDE /* AppDelegate.swift */; };
		F8CD2D33224CCDA000F01EDE /* Main.storyboard in Resources */ = {isa = PBXBuildFile; fileRef = F8CD2D31224CCDA000F01EDE /* Main.storyboard */; };
		F8CD2D35224CCDA400F01EDE /* Assets.xcassets in Resources */ = {isa = PBXBuildFile; fileRef = F8CD2D34224CCDA400F01EDE /* Assets.xcassets */; };
		F8CD2D38224CCDA400F01EDE /* LaunchScreen.storyboard in Resources */ = {isa = PBXBuildFile; fileRef = F8CD2D36224CCDA400F01EDE /* LaunchScreen.storyboard */; };
		F8CD2D3E224D21E300F01EDE /* ZAPStaticDemoController.swift in Sources */ = {isa = PBXBuildFile; fileRef = F8CD2D3D224D21E300F01EDE /* ZAPStaticDemoController.swift */; };
		F8CD2D40224D22A800F01EDE /* ZAPFoundationUIKitUtilities.framework in Frameworks */ = {isa = PBXBuildFile; fileRef = F8C2B3302196E02A00D42440 /* ZAPFoundationUIKitUtilities.framework */; };
		F8CD80BA22B247250025B1A8 /* ZAPError.swift in Sources */ = {isa = PBXBuildFile; fileRef = F8CD80B922B247250025B1A8 /* ZAPError.swift */; };
		F8E32BAD22572D01000D51E5 /* DeviceUtilities.swift in Sources */ = {isa = PBXBuildFile; fileRef = F8E32BAC22572D01000D51E5 /* DeviceUtilities.swift */; };
		F8EC06252325181E00392801 /* ArrayUtilities.swift in Sources */ = {isa = PBXBuildFile; fileRef = F8EC06242325181E00392801 /* ArrayUtilities.swift */; };
		F8FB3687219B50A3003E02B1 /* URLRequestUtilities.swift in Sources */ = {isa = PBXBuildFile; fileRef = F8FB3686219B50A3003E02B1 /* URLRequestUtilities.swift */; };
		F8FB3689219B5C06003E02B1 /* NotificationCenterUtilities.swift in Sources */ = {isa = PBXBuildFile; fileRef = F8FB3688219B5C06003E02B1 /* NotificationCenterUtilities.swift */; };
/* End PBXBuildFile section */

/* Begin PBXContainerItemProxy section */
		F8C2B33B2196E02A00D42440 /* PBXContainerItemProxy */ = {
			isa = PBXContainerItemProxy;
			containerPortal = F8C2B3272196E02A00D42440 /* Project object */;
			proxyType = 1;
			remoteGlobalIDString = F8C2B32F2196E02A00D42440;
			remoteInfo = ZAPFoundationUIKitUtilities;
		};
/* End PBXContainerItemProxy section */

/* Begin PBXFileReference section */
		F805A069251E137900C33E52 /* ZAPCustomViewWithXib.swift */ = {isa = PBXFileReference; fileEncoding = 4; lastKnownFileType = sourcecode.swift; path = ZAPCustomViewWithXib.swift; sourceTree = "<group>"; };
		F80A856121C50B1000B5771B /* WKWebViewUtilities.swift */ = {isa = PBXFileReference; lastKnownFileType = sourcecode.swift; path = WKWebViewUtilities.swift; sourceTree = "<group>"; };
		F80A856721C5B0F500B5771B /* UIBarButtonItemUtilities.swift */ = {isa = PBXFileReference; lastKnownFileType = sourcecode.swift; path = UIBarButtonItemUtilities.swift; sourceTree = "<group>"; };
		F80B9B5F22A4ED1200E4EC88 /* UIImageUtilities.swift */ = {isa = PBXFileReference; lastKnownFileType = sourcecode.swift; path = UIImageUtilities.swift; sourceTree = "<group>"; };
		F810493B21E6921F00CE6787 /* UIViewControllerUtilities.swift */ = {isa = PBXFileReference; lastKnownFileType = sourcecode.swift; path = UIViewControllerUtilities.swift; sourceTree = "<group>"; };
		F82530882549C97F00810F6C /* DataUtilities.swift */ = {isa = PBXFileReference; lastKnownFileType = sourcecode.swift; path = DataUtilities.swift; sourceTree = "<group>"; };
		F83362CD238E519D00830DBE /* UITableViewUtilities.swift */ = {isa = PBXFileReference; fileEncoding = 4; lastKnownFileType = sourcecode.swift; path = UITableViewUtilities.swift; sourceTree = "<group>"; };
		F84C9D77227B34EF00ECAC0C /* URLResponseUtilities.swift */ = {isa = PBXFileReference; lastKnownFileType = sourcecode.swift; path = URLResponseUtilities.swift; sourceTree = "<group>"; };
		F88852FD22A904DD00B5BE6E /* UIButtonUtilities.swift */ = {isa = PBXFileReference; lastKnownFileType = sourcecode.swift; path = UIButtonUtilities.swift; sourceTree = "<group>"; };
		F89D8CCC220EEF4800DE61CA /* ad_server_domains.txt */ = {isa = PBXFileReference; fileEncoding = 4; lastKnownFileType = text; path = ad_server_domains.txt; sourceTree = "<group>"; };
		F8A3499F237E7D9800D6C5E2 /* ZAPClickableTableViewTextView.swift */ = {isa = PBXFileReference; lastKnownFileType = sourcecode.swift; path = ZAPClickableTableViewTextView.swift; sourceTree = "<group>"; };
		F8AC239523C23C1400820A53 /* UISplitViewControllerUtilities.swift */ = {isa = PBXFileReference; lastKnownFileType = sourcecode.swift; path = UISplitViewControllerUtilities.swift; sourceTree = "<group>"; };
		F8AC29B822AB1C92009E4D2E /* UIColorUtilities.swift */ = {isa = PBXFileReference; lastKnownFileType = sourcecode.swift; path = UIColorUtilities.swift; sourceTree = "<group>"; };
		F8B215E821B959B3002B6210 /* NSAttributedStringUtilities.swift */ = {isa = PBXFileReference; lastKnownFileType = sourcecode.swift; path = NSAttributedStringUtilities.swift; sourceTree = "<group>"; };
		F8B53B03228933B8005BB95B /* URLSessionUtilities.swift */ = {isa = PBXFileReference; lastKnownFileType = sourcecode.swift; path = URLSessionUtilities.swift; sourceTree = "<group>"; };
		F8C2B3302196E02A00D42440 /* ZAPFoundationUIKitUtilities.framework */ = {isa = PBXFileReference; explicitFileType = wrapper.framework; includeInIndex = 0; path = ZAPFoundationUIKitUtilities.framework; sourceTree = BUILT_PRODUCTS_DIR; };
		F8C2B3332196E02A00D42440 /* ZAPFoundationUIKitUtilities.h */ = {isa = PBXFileReference; lastKnownFileType = sourcecode.c.h; path = ZAPFoundationUIKitUtilities.h; sourceTree = "<group>"; };
		F8C2B3342196E02A00D42440 /* Info.plist */ = {isa = PBXFileReference; lastKnownFileType = text.plist.xml; path = Info.plist; sourceTree = "<group>"; };
		F8C2B3392196E02A00D42440 /* ZAPFoundationUIKitUtilitiesTests.xctest */ = {isa = PBXFileReference; explicitFileType = wrapper.cfbundle; includeInIndex = 0; path = ZAPFoundationUIKitUtilitiesTests.xctest; sourceTree = BUILT_PRODUCTS_DIR; };
		F8C2B33E2196E02A00D42440 /* ZAPFoundationUIKitUtilitiesTests.swift */ = {isa = PBXFileReference; lastKnownFileType = sourcecode.swift; path = ZAPFoundationUIKitUtilitiesTests.swift; sourceTree = "<group>"; };
		F8C2B3402196E02A00D42440 /* Info.plist */ = {isa = PBXFileReference; lastKnownFileType = text.plist.xml; path = Info.plist; sourceTree = "<group>"; };
		F8C2B34A2196E0C800D42440 /* StringUtilities.swift */ = {isa = PBXFileReference; fileEncoding = 4; lastKnownFileType = sourcecode.swift; path = StringUtilities.swift; sourceTree = "<group>"; };
		F8C2B34B2196E0C800D42440 /* NSRegularExpressionUtilities.swift */ = {isa = PBXFileReference; fileEncoding = 4; lastKnownFileType = sourcecode.swift; path = NSRegularExpressionUtilities.swift; sourceTree = "<group>"; };
		F8C2B34C2196E0C800D42440 /* URLUtilities.swift */ = {isa = PBXFileReference; fileEncoding = 4; lastKnownFileType = sourcecode.swift; path = URLUtilities.swift; sourceTree = "<group>"; };
		F8C2B35A2197042900D42440 /* ZAPStaticTableViewController.swift */ = {isa = PBXFileReference; lastKnownFileType = sourcecode.swift; path = ZAPStaticTableViewController.swift; sourceTree = "<group>"; };
		F8C2B3722198C50200D42440 /* DateUtilities.swift */ = {isa = PBXFileReference; lastKnownFileType = sourcecode.swift; path = DateUtilities.swift; sourceTree = "<group>"; };
		F8C56CD521C26C7000F1921E /* BundleUtilities.swift */ = {isa = PBXFileReference; lastKnownFileType = sourcecode.swift; path = BundleUtilities.swift; sourceTree = "<group>"; };
		F8CD2D2B224CCDA000F01EDE /* ZAPStaticTableViewDemo.app */ = {isa = PBXFileReference; explicitFileType = wrapper.application; includeInIndex = 0; path = ZAPStaticTableViewDemo.app; sourceTree = BUILT_PRODUCTS_DIR; };
		F8CD2D2D224CCDA000F01EDE /* AppDelegate.swift */ = {isa = PBXFileReference; lastKnownFileType = sourcecode.swift; path = AppDelegate.swift; sourceTree = "<group>"; };
		F8CD2D32224CCDA000F01EDE /* Base */ = {isa = PBXFileReference; lastKnownFileType = file.storyboard; name = Base; path = Base.lproj/Main.storyboard; sourceTree = "<group>"; };
		F8CD2D34224CCDA400F01EDE /* Assets.xcassets */ = {isa = PBXFileReference; lastKnownFileType = folder.assetcatalog; path = Assets.xcassets; sourceTree = "<group>"; };
		F8CD2D37224CCDA400F01EDE /* Base */ = {isa = PBXFileReference; lastKnownFileType = file.storyboard; name = Base; path = Base.lproj/LaunchScreen.storyboard; sourceTree = "<group>"; };
		F8CD2D39224CCDA400F01EDE /* Info.plist */ = {isa = PBXFileReference; lastKnownFileType = text.plist.xml; path = Info.plist; sourceTree = "<group>"; };
		F8CD2D3D224D21E300F01EDE /* ZAPStaticDemoController.swift */ = {isa = PBXFileReference; lastKnownFileType = sourcecode.swift; path = ZAPStaticDemoController.swift; sourceTree = "<group>"; };
		F8CD80B922B247250025B1A8 /* ZAPError.swift */ = {isa = PBXFileReference; lastKnownFileType = sourcecode.swift; path = ZAPError.swift; sourceTree = "<group>"; };
		F8E32BAC22572D01000D51E5 /* DeviceUtilities.swift */ = {isa = PBXFileReference; lastKnownFileType = sourcecode.swift; path = DeviceUtilities.swift; sourceTree = "<group>"; };
		F8EC06242325181E00392801 /* ArrayUtilities.swift */ = {isa = PBXFileReference; lastKnownFileType = sourcecode.swift; path = ArrayUtilities.swift; sourceTree = "<group>"; };
		F8FB3686219B50A3003E02B1 /* URLRequestUtilities.swift */ = {isa = PBXFileReference; lastKnownFileType = sourcecode.swift; path = URLRequestUtilities.swift; sourceTree = "<group>"; };
		F8FB3688219B5C06003E02B1 /* NotificationCenterUtilities.swift */ = {isa = PBXFileReference; lastKnownFileType = sourcecode.swift; path = NotificationCenterUtilities.swift; sourceTree = "<group>"; };
/* End PBXFileReference section */

/* Begin PBXFrameworksBuildPhase section */
		F8C2B32D2196E02A00D42440 /* Frameworks */ = {
			isa = PBXFrameworksBuildPhase;
			buildActionMask = 2147483647;
			files = (
			);
			runOnlyForDeploymentPostprocessing = 0;
		};
		F8C2B3362196E02A00D42440 /* Frameworks */ = {
			isa = PBXFrameworksBuildPhase;
			buildActionMask = 2147483647;
			files = (
				F8C2B33A2196E02A00D42440 /* ZAPFoundationUIKitUtilities.framework in Frameworks */,
			);
			runOnlyForDeploymentPostprocessing = 0;
		};
		F8CD2D28224CCDA000F01EDE /* Frameworks */ = {
			isa = PBXFrameworksBuildPhase;
			buildActionMask = 2147483647;
			files = (
				F8CD2D40224D22A800F01EDE /* ZAPFoundationUIKitUtilities.framework in Frameworks */,
			);
			runOnlyForDeploymentPostprocessing = 0;
		};
/* End PBXFrameworksBuildPhase section */

/* Begin PBXGroup section */
		F8C2B3262196E02A00D42440 = {
			isa = PBXGroup;
			children = (
				F8C2B3322196E02A00D42440 /* ZAPFoundationUIKitUtilities */,
				F8C2B33D2196E02A00D42440 /* ZAPFoundationUIKitUtilitiesTests */,
				F8CD2D2C224CCDA000F01EDE /* ZAPStaticTableViewDemo */,
				F8C2B3312196E02A00D42440 /* Products */,
				F8CD2D3F224D22A800F01EDE /* Frameworks */,
			);
			sourceTree = "<group>";
		};
		F8C2B3312196E02A00D42440 /* Products */ = {
			isa = PBXGroup;
			children = (
				F8C2B3302196E02A00D42440 /* ZAPFoundationUIKitUtilities.framework */,
				F8C2B3392196E02A00D42440 /* ZAPFoundationUIKitUtilitiesTests.xctest */,
				F8CD2D2B224CCDA000F01EDE /* ZAPStaticTableViewDemo.app */,
			);
			name = Products;
			sourceTree = "<group>";
		};
		F8C2B3322196E02A00D42440 /* ZAPFoundationUIKitUtilities */ = {
			isa = PBXGroup;
			children = (
				F8C2B3332196E02A00D42440 /* ZAPFoundationUIKitUtilities.h */,
				F8C2B3342196E02A00D42440 /* Info.plist */,
				F8EC06242325181E00392801 /* ArrayUtilities.swift */,
				F8C56CD521C26C7000F1921E /* BundleUtilities.swift */,
				F82530882549C97F00810F6C /* DataUtilities.swift */,
				F8C2B3722198C50200D42440 /* DateUtilities.swift */,
				F8E32BAC22572D01000D51E5 /* DeviceUtilities.swift */,
				F8FB3688219B5C06003E02B1 /* NotificationCenterUtilities.swift */,
				F8B215E821B959B3002B6210 /* NSAttributedStringUtilities.swift */,
				F8C2B34B2196E0C800D42440 /* NSRegularExpressionUtilities.swift */,
				F8C2B34A2196E0C800D42440 /* StringUtilities.swift */,
				F80A856721C5B0F500B5771B /* UIBarButtonItemUtilities.swift */,
				F88852FD22A904DD00B5BE6E /* UIButtonUtilities.swift */,
				F8AC29B822AB1C92009E4D2E /* UIColorUtilities.swift */,
				F80B9B5F22A4ED1200E4EC88 /* UIImageUtilities.swift */,
				F8AC239523C23C1400820A53 /* UISplitViewControllerUtilities.swift */,
				F83362CD238E519D00830DBE /* UITableViewUtilities.swift */,
				F810493B21E6921F00CE6787 /* UIViewControllerUtilities.swift */,
				F8FB3686219B50A3003E02B1 /* URLRequestUtilities.swift */,
				F84C9D77227B34EF00ECAC0C /* URLResponseUtilities.swift */,
				F8B53B03228933B8005BB95B /* URLSessionUtilities.swift */,
				F8C2B34C2196E0C800D42440 /* URLUtilities.swift */,
				F80A856121C50B1000B5771B /* WKWebViewUtilities.swift */,
				F805A069251E137900C33E52 /* ZAPCustomViewWithXib.swift */,
				F8A3499F237E7D9800D6C5E2 /* ZAPClickableTableViewTextView.swift */,
				F8CD80B922B247250025B1A8 /* ZAPError.swift */,
				F8C2B35A2197042900D42440 /* ZAPStaticTableViewController.swift */,
				F89D8CCC220EEF4800DE61CA /* ad_server_domains.txt */,
			);
			path = ZAPFoundationUIKitUtilities;
			sourceTree = "<group>";
		};
		F8C2B33D2196E02A00D42440 /* ZAPFoundationUIKitUtilitiesTests */ = {
			isa = PBXGroup;
			children = (
				F8C2B33E2196E02A00D42440 /* ZAPFoundationUIKitUtilitiesTests.swift */,
				F8C2B3402196E02A00D42440 /* Info.plist */,
			);
			path = ZAPFoundationUIKitUtilitiesTests;
			sourceTree = "<group>";
		};
		F8CD2D2C224CCDA000F01EDE /* ZAPStaticTableViewDemo */ = {
			isa = PBXGroup;
			children = (
				F8CD2D2D224CCDA000F01EDE /* AppDelegate.swift */,
				F8CD2D3D224D21E300F01EDE /* ZAPStaticDemoController.swift */,
				F8CD2D31224CCDA000F01EDE /* Main.storyboard */,
				F8CD2D34224CCDA400F01EDE /* Assets.xcassets */,
				F8CD2D36224CCDA400F01EDE /* LaunchScreen.storyboard */,
				F8CD2D39224CCDA400F01EDE /* Info.plist */,
			);
			path = ZAPStaticTableViewDemo;
			sourceTree = "<group>";
		};
		F8CD2D3F224D22A800F01EDE /* Frameworks */ = {
			isa = PBXGroup;
			children = (
			);
			name = Frameworks;
			sourceTree = "<group>";
		};
/* End PBXGroup section */

/* Begin PBXHeadersBuildPhase section */
		F8C2B32B2196E02A00D42440 /* Headers */ = {
			isa = PBXHeadersBuildPhase;
			buildActionMask = 2147483647;
			files = (
				F8C2B3412196E02A00D42440 /* ZAPFoundationUIKitUtilities.h in Headers */,
			);
			runOnlyForDeploymentPostprocessing = 0;
		};
/* End PBXHeadersBuildPhase section */

/* Begin PBXNativeTarget section */
		F8C2B32F2196E02A00D42440 /* ZAPFoundationUIKitUtilities */ = {
			isa = PBXNativeTarget;
			buildConfigurationList = F8C2B3442196E02A00D42440 /* Build configuration list for PBXNativeTarget "ZAPFoundationUIKitUtilities" */;
			buildPhases = (
				F8C2B32B2196E02A00D42440 /* Headers */,
				F8C2B32C2196E02A00D42440 /* Sources */,
				F8C2B32D2196E02A00D42440 /* Frameworks */,
				F8C2B32E2196E02A00D42440 /* Resources */,
			);
			buildRules = (
			);
			dependencies = (
			);
			name = ZAPFoundationUIKitUtilities;
			productName = ZAPFoundationUIKitUtilities;
			productReference = F8C2B3302196E02A00D42440 /* ZAPFoundationUIKitUtilities.framework */;
			productType = "com.apple.product-type.framework";
		};
		F8C2B3382196E02A00D42440 /* ZAPFoundationUIKitUtilitiesTests */ = {
			isa = PBXNativeTarget;
			buildConfigurationList = F8C2B3472196E02A00D42440 /* Build configuration list for PBXNativeTarget "ZAPFoundationUIKitUtilitiesTests" */;
			buildPhases = (
				F8C2B3352196E02A00D42440 /* Sources */,
				F8C2B3362196E02A00D42440 /* Frameworks */,
				F8C2B3372196E02A00D42440 /* Resources */,
			);
			buildRules = (
			);
			dependencies = (
				F8C2B33C2196E02A00D42440 /* PBXTargetDependency */,
			);
			name = ZAPFoundationUIKitUtilitiesTests;
			productName = ZAPFoundationUIKitUtilitiesTests;
			productReference = F8C2B3392196E02A00D42440 /* ZAPFoundationUIKitUtilitiesTests.xctest */;
			productType = "com.apple.product-type.bundle.unit-test";
		};
		F8CD2D2A224CCDA000F01EDE /* ZAPStaticTableViewDemo */ = {
			isa = PBXNativeTarget;
			buildConfigurationList = F8CD2D3C224CCDA400F01EDE /* Build configuration list for PBXNativeTarget "ZAPStaticTableViewDemo" */;
			buildPhases = (
				F8CD2D27224CCDA000F01EDE /* Sources */,
				F8CD2D28224CCDA000F01EDE /* Frameworks */,
				F8CD2D29224CCDA000F01EDE /* Resources */,
			);
			buildRules = (
			);
			dependencies = (
			);
			name = ZAPStaticTableViewDemo;
			productName = ZAPStaticTableViewDemo;
			productReference = F8CD2D2B224CCDA000F01EDE /* ZAPStaticTableViewDemo.app */;
			productType = "com.apple.product-type.application";
		};
/* End PBXNativeTarget section */

/* Begin PBXProject section */
		F8C2B3272196E02A00D42440 /* Project object */ = {
			isa = PBXProject;
			attributes = {
				LastSwiftUpdateCheck = 1010;
				LastUpgradeCheck = 1200;
				ORGANIZATIONNAME = "Zozi Apps";
				TargetAttributes = {
					F8C2B32F2196E02A00D42440 = {
						CreatedOnToolsVersion = 10.1;
						LastSwiftMigration = 1020;
					};
					F8C2B3382196E02A00D42440 = {
						CreatedOnToolsVersion = 10.1;
						LastSwiftMigration = 1020;
					};
					F8CD2D2A224CCDA000F01EDE = {
						CreatedOnToolsVersion = 10.1;
					};
				};
			};
			buildConfigurationList = F8C2B32A2196E02A00D42440 /* Build configuration list for PBXProject "ZAPFoundationUIKitUtilities" */;
			compatibilityVersion = "Xcode 9.3";
			developmentRegion = en;
			hasScannedForEncodings = 0;
			knownRegions = (
				en,
				Base,
			);
			mainGroup = F8C2B3262196E02A00D42440;
			productRefGroup = F8C2B3312196E02A00D42440 /* Products */;
			projectDirPath = "";
			projectRoot = "";
			targets = (
				F8C2B32F2196E02A00D42440 /* ZAPFoundationUIKitUtilities */,
				F8C2B3382196E02A00D42440 /* ZAPFoundationUIKitUtilitiesTests */,
				F8CD2D2A224CCDA000F01EDE /* ZAPStaticTableViewDemo */,
			);
		};
/* End PBXProject section */

/* Begin PBXResourcesBuildPhase section */
		F8C2B32E2196E02A00D42440 /* Resources */ = {
			isa = PBXResourcesBuildPhase;
			buildActionMask = 2147483647;
			files = (
				F89D8CCD220EEF4800DE61CA /* ad_server_domains.txt in Resources */,
			);
			runOnlyForDeploymentPostprocessing = 0;
		};
		F8C2B3372196E02A00D42440 /* Resources */ = {
			isa = PBXResourcesBuildPhase;
			buildActionMask = 2147483647;
			files = (
			);
			runOnlyForDeploymentPostprocessing = 0;
		};
		F8CD2D29224CCDA000F01EDE /* Resources */ = {
			isa = PBXResourcesBuildPhase;
			buildActionMask = 2147483647;
			files = (
				F8CD2D38224CCDA400F01EDE /* LaunchScreen.storyboard in Resources */,
				F8CD2D35224CCDA400F01EDE /* Assets.xcassets in Resources */,
				F8CD2D33224CCDA000F01EDE /* Main.storyboard in Resources */,
			);
			runOnlyForDeploymentPostprocessing = 0;
		};
/* End PBXResourcesBuildPhase section */

/* Begin PBXSourcesBuildPhase section */
		F8C2B32C2196E02A00D42440 /* Sources */ = {
			isa = PBXSourcesBuildPhase;
			buildActionMask = 2147483647;
			files = (
				F8B215E921B959B3002B6210 /* NSAttributedStringUtilities.swift in Sources */,
				F8AC239623C23C1400820A53 /* UISplitViewControllerUtilities.swift in Sources */,
				F8C2B34F2196E0C900D42440 /* URLUtilities.swift in Sources */,
				F8AC29B922AB1C92009E4D2E /* UIColorUtilities.swift in Sources */,
				F8E32BAD22572D01000D51E5 /* DeviceUtilities.swift in Sources */,
				F82530892549C97F00810F6C /* DataUtilities.swift in Sources */,
				F88852FE22A904DD00B5BE6E /* UIButtonUtilities.swift in Sources */,
				F8C2B34E2196E0C900D42440 /* NSRegularExpressionUtilities.swift in Sources */,
				F83362CE238E519D00830DBE /* UITableViewUtilities.swift in Sources */,
				F810493C21E6921F00CE6787 /* UIViewControllerUtilities.swift in Sources */,
				F8FB3689219B5C06003E02B1 /* NotificationCenterUtilities.swift in Sources */,
				F8C56CD621C26C7000F1921E /* BundleUtilities.swift in Sources */,
				F8B53B04228933B8005BB95B /* URLSessionUtilities.swift in Sources */,
				F8FB3687219B50A3003E02B1 /* URLRequestUtilities.swift in Sources */,
				F805A06A251E137900C33E52 /* ZAPCustomViewWithXib.swift in Sources */,
				F80A856821C5B0F500B5771B /* UIBarButtonItemUtilities.swift in Sources */,
				F8C2B34D2196E0C900D42440 /* StringUtilities.swift in Sources */,
				F8C2B3732198C50200D42440 /* DateUtilities.swift in Sources */,
				F8EC06252325181E00392801 /* ArrayUtilities.swift in Sources */,
				F80A856221C50B1000B5771B /* WKWebViewUtilities.swift in Sources */,
				F84C9D78227B34EF00ECAC0C /* URLResponseUtilities.swift in Sources */,
				F8A349A0237E7D9800D6C5E2 /* ZAPClickableTableViewTextView.swift in Sources */,
				F8CD80BA22B247250025B1A8 /* ZAPError.swift in Sources */,
				F80B9B6022A4ED1200E4EC88 /* UIImageUtilities.swift in Sources */,
				F8C2B35B2197042900D42440 /* ZAPStaticTableViewController.swift in Sources */,
			);
			runOnlyForDeploymentPostprocessing = 0;
		};
		F8C2B3352196E02A00D42440 /* Sources */ = {
			isa = PBXSourcesBuildPhase;
			buildActionMask = 2147483647;
			files = (
				F8C2B33F2196E02A00D42440 /* ZAPFoundationUIKitUtilitiesTests.swift in Sources */,
			);
			runOnlyForDeploymentPostprocessing = 0;
		};
		F8CD2D27224CCDA000F01EDE /* Sources */ = {
			isa = PBXSourcesBuildPhase;
			buildActionMask = 2147483647;
			files = (
				F8CD2D3E224D21E300F01EDE /* ZAPStaticDemoController.swift in Sources */,
				F8CD2D2E224CCDA000F01EDE /* AppDelegate.swift in Sources */,
			);
			runOnlyForDeploymentPostprocessing = 0;
		};
/* End PBXSourcesBuildPhase section */

/* Begin PBXTargetDependency section */
		F8C2B33C2196E02A00D42440 /* PBXTargetDependency */ = {
			isa = PBXTargetDependency;
			target = F8C2B32F2196E02A00D42440 /* ZAPFoundationUIKitUtilities */;
			targetProxy = F8C2B33B2196E02A00D42440 /* PBXContainerItemProxy */;
		};
/* End PBXTargetDependency section */

/* Begin PBXVariantGroup section */
		F8CD2D31224CCDA000F01EDE /* Main.storyboard */ = {
			isa = PBXVariantGroup;
			children = (
				F8CD2D32224CCDA000F01EDE /* Base */,
			);
			name = Main.storyboard;
			sourceTree = "<group>";
		};
		F8CD2D36224CCDA400F01EDE /* LaunchScreen.storyboard */ = {
			isa = PBXVariantGroup;
			children = (
				F8CD2D37224CCDA400F01EDE /* Base */,
			);
			name = LaunchScreen.storyboard;
			sourceTree = "<group>";
		};
/* End PBXVariantGroup section */

/* Begin XCBuildConfiguration section */
		F8C2B3422196E02A00D42440 /* Debug */ = {
			isa = XCBuildConfiguration;
			buildSettings = {
				ALWAYS_SEARCH_USER_PATHS = NO;
				CLANG_ANALYZER_NONNULL = YES;
				CLANG_ANALYZER_NUMBER_OBJECT_CONVERSION = YES_AGGRESSIVE;
				CLANG_CXX_LANGUAGE_STANDARD = "gnu++14";
				CLANG_CXX_LIBRARY = "libc++";
				CLANG_ENABLE_MODULES = YES;
				CLANG_ENABLE_OBJC_ARC = YES;
				CLANG_ENABLE_OBJC_WEAK = YES;
				CLANG_WARN_BLOCK_CAPTURE_AUTORELEASING = YES;
				CLANG_WARN_BOOL_CONVERSION = YES;
				CLANG_WARN_COMMA = YES;
				CLANG_WARN_CONSTANT_CONVERSION = YES;
				CLANG_WARN_DEPRECATED_OBJC_IMPLEMENTATIONS = YES;
				CLANG_WARN_DIRECT_OBJC_ISA_USAGE = YES_ERROR;
				CLANG_WARN_DOCUMENTATION_COMMENTS = YES;
				CLANG_WARN_EMPTY_BODY = YES;
				CLANG_WARN_ENUM_CONVERSION = YES;
				CLANG_WARN_INFINITE_RECURSION = YES;
				CLANG_WARN_INT_CONVERSION = YES;
				CLANG_WARN_NON_LITERAL_NULL_CONVERSION = YES;
				CLANG_WARN_OBJC_IMPLICIT_RETAIN_SELF = YES;
				CLANG_WARN_OBJC_LITERAL_CONVERSION = YES;
				CLANG_WARN_OBJC_ROOT_CLASS = YES_ERROR;
				CLANG_WARN_QUOTED_INCLUDE_IN_FRAMEWORK_HEADER = YES;
				CLANG_WARN_RANGE_LOOP_ANALYSIS = YES;
				CLANG_WARN_STRICT_PROTOTYPES = YES;
				CLANG_WARN_SUSPICIOUS_MOVE = YES;
				CLANG_WARN_UNGUARDED_AVAILABILITY = YES_AGGRESSIVE;
				CLANG_WARN_UNREACHABLE_CODE = YES;
				CLANG_WARN__DUPLICATE_METHOD_MATCH = YES;
				CODE_SIGN_IDENTITY = "iPhone Developer";
				COPY_PHASE_STRIP = NO;
				CURRENT_PROJECT_VERSION = 1;
				DEBUG_INFORMATION_FORMAT = dwarf;
				ENABLE_STRICT_OBJC_MSGSEND = YES;
				ENABLE_TESTABILITY = YES;
				GCC_C_LANGUAGE_STANDARD = gnu11;
				GCC_DYNAMIC_NO_PIC = NO;
				GCC_NO_COMMON_BLOCKS = YES;
				GCC_OPTIMIZATION_LEVEL = 0;
				GCC_PREPROCESSOR_DEFINITIONS = (
					"DEBUG=1",
					"$(inherited)",
				);
				GCC_WARN_64_TO_32_BIT_CONVERSION = YES;
				GCC_WARN_ABOUT_RETURN_TYPE = YES_ERROR;
				GCC_WARN_UNDECLARED_SELECTOR = YES;
				GCC_WARN_UNINITIALIZED_AUTOS = YES_AGGRESSIVE;
				GCC_WARN_UNUSED_FUNCTION = YES;
				GCC_WARN_UNUSED_VARIABLE = YES;
				IPHONEOS_DEPLOYMENT_TARGET = 12.1;
				MTL_ENABLE_DEBUG_INFO = INCLUDE_SOURCE;
				MTL_FAST_MATH = YES;
				ONLY_ACTIVE_ARCH = YES;
				SDKROOT = iphoneos;
				SWIFT_ACTIVE_COMPILATION_CONDITIONS = DEBUG;
				SWIFT_OPTIMIZATION_LEVEL = "-Onone";
				VERSIONING_SYSTEM = "apple-generic";
				VERSION_INFO_PREFIX = "";
			};
			name = Debug;
		};
		F8C2B3432196E02A00D42440 /* Release */ = {
			isa = XCBuildConfiguration;
			buildSettings = {
				ALWAYS_SEARCH_USER_PATHS = NO;
				CLANG_ANALYZER_NONNULL = YES;
				CLANG_ANALYZER_NUMBER_OBJECT_CONVERSION = YES_AGGRESSIVE;
				CLANG_CXX_LANGUAGE_STANDARD = "gnu++14";
				CLANG_CXX_LIBRARY = "libc++";
				CLANG_ENABLE_MODULES = YES;
				CLANG_ENABLE_OBJC_ARC = YES;
				CLANG_ENABLE_OBJC_WEAK = YES;
				CLANG_WARN_BLOCK_CAPTURE_AUTORELEASING = YES;
				CLANG_WARN_BOOL_CONVERSION = YES;
				CLANG_WARN_COMMA = YES;
				CLANG_WARN_CONSTANT_CONVERSION = YES;
				CLANG_WARN_DEPRECATED_OBJC_IMPLEMENTATIONS = YES;
				CLANG_WARN_DIRECT_OBJC_ISA_USAGE = YES_ERROR;
				CLANG_WARN_DOCUMENTATION_COMMENTS = YES;
				CLANG_WARN_EMPTY_BODY = YES;
				CLANG_WARN_ENUM_CONVERSION = YES;
				CLANG_WARN_INFINITE_RECURSION = YES;
				CLANG_WARN_INT_CONVERSION = YES;
				CLANG_WARN_NON_LITERAL_NULL_CONVERSION = YES;
				CLANG_WARN_OBJC_IMPLICIT_RETAIN_SELF = YES;
				CLANG_WARN_OBJC_LITERAL_CONVERSION = YES;
				CLANG_WARN_OBJC_ROOT_CLASS = YES_ERROR;
				CLANG_WARN_QUOTED_INCLUDE_IN_FRAMEWORK_HEADER = YES;
				CLANG_WARN_RANGE_LOOP_ANALYSIS = YES;
				CLANG_WARN_STRICT_PROTOTYPES = YES;
				CLANG_WARN_SUSPICIOUS_MOVE = YES;
				CLANG_WARN_UNGUARDED_AVAILABILITY = YES_AGGRESSIVE;
				CLANG_WARN_UNREACHABLE_CODE = YES;
				CLANG_WARN__DUPLICATE_METHOD_MATCH = YES;
				CODE_SIGN_IDENTITY = "iPhone Developer";
				COPY_PHASE_STRIP = NO;
				CURRENT_PROJECT_VERSION = 1;
				DEBUG_INFORMATION_FORMAT = "dwarf-with-dsym";
				ENABLE_NS_ASSERTIONS = NO;
				ENABLE_STRICT_OBJC_MSGSEND = YES;
				GCC_C_LANGUAGE_STANDARD = gnu11;
				GCC_NO_COMMON_BLOCKS = YES;
				GCC_WARN_64_TO_32_BIT_CONVERSION = YES;
				GCC_WARN_ABOUT_RETURN_TYPE = YES_ERROR;
				GCC_WARN_UNDECLARED_SELECTOR = YES;
				GCC_WARN_UNINITIALIZED_AUTOS = YES_AGGRESSIVE;
				GCC_WARN_UNUSED_FUNCTION = YES;
				GCC_WARN_UNUSED_VARIABLE = YES;
				IPHONEOS_DEPLOYMENT_TARGET = 12.1;
				MTL_ENABLE_DEBUG_INFO = NO;
				MTL_FAST_MATH = YES;
				SDKROOT = iphoneos;
				SWIFT_COMPILATION_MODE = wholemodule;
				SWIFT_OPTIMIZATION_LEVEL = "-O";
				VALIDATE_PRODUCT = YES;
				VERSIONING_SYSTEM = "apple-generic";
				VERSION_INFO_PREFIX = "";
			};
			name = Release;
		};
		F8C2B3452196E02A00D42440 /* Debug */ = {
			isa = XCBuildConfiguration;
			buildSettings = {
				APPLICATION_EXTENSION_API_ONLY = YES;
				CLANG_ENABLE_MODULES = YES;
				CODE_SIGN_IDENTITY = "";
				CODE_SIGN_STYLE = Automatic;
				DEFINES_MODULE = YES;
				DEVELOPMENT_TEAM = 3X3L9Z8E6B;
				DYLIB_COMPATIBILITY_VERSION = 1;
				DYLIB_CURRENT_VERSION = 1;
				DYLIB_INSTALL_NAME_BASE = "@rpath";
				INFOPLIST_FILE = ZAPFoundationUIKitUtilities/Info.plist;
				INSTALL_PATH = "$(LOCAL_LIBRARY_DIR)/Frameworks";
				IPHONEOS_DEPLOYMENT_TARGET = 12.0;
				LD_RUNPATH_SEARCH_PATHS = (
					"$(inherited)",
					"@executable_path/Frameworks",
					"@loader_path/Frameworks",
				);
				PRODUCT_BUNDLE_IDENTIFIER = ch.zoziapps.ZAPFoundationUIKitUtilities;
				PRODUCT_NAME = "$(TARGET_NAME:c99extidentifier)";
				SKIP_INSTALL = YES;
				SWIFT_OPTIMIZATION_LEVEL = "-Onone";
				SWIFT_VERSION = 5.0;
				TARGETED_DEVICE_FAMILY = "1,2";
			};
			name = Debug;
		};
		F8C2B3462196E02A00D42440 /* Release */ = {
			isa = XCBuildConfiguration;
			buildSettings = {
				APPLICATION_EXTENSION_API_ONLY = YES;
				CLANG_ENABLE_MODULES = YES;
				CODE_SIGN_IDENTITY = "";
				CODE_SIGN_STYLE = Automatic;
				DEFINES_MODULE = YES;
				DEVELOPMENT_TEAM = 3X3L9Z8E6B;
				DYLIB_COMPATIBILITY_VERSION = 1;
				DYLIB_CURRENT_VERSION = 1;
				DYLIB_INSTALL_NAME_BASE = "@rpath";
				INFOPLIST_FILE = ZAPFoundationUIKitUtilities/Info.plist;
				INSTALL_PATH = "$(LOCAL_LIBRARY_DIR)/Frameworks";
				IPHONEOS_DEPLOYMENT_TARGET = 12.0;
				LD_RUNPATH_SEARCH_PATHS = (
					"$(inherited)",
					"@executable_path/Frameworks",
					"@loader_path/Frameworks",
				);
				PRODUCT_BUNDLE_IDENTIFIER = ch.zoziapps.ZAPFoundationUIKitUtilities;
				PRODUCT_NAME = "$(TARGET_NAME:c99extidentifier)";
				SKIP_INSTALL = YES;
				SWIFT_VERSION = 5.0;
				TARGETED_DEVICE_FAMILY = "1,2";
			};
			name = Release;
		};
		F8C2B3482196E02A00D42440 /* Debug */ = {
			isa = XCBuildConfiguration;
			buildSettings = {
				ALWAYS_EMBED_SWIFT_STANDARD_LIBRARIES = YES;
				CODE_SIGN_STYLE = Automatic;
				DEVELOPMENT_TEAM = 3X3L9Z8E6B;
				INFOPLIST_FILE = ZAPFoundationUIKitUtilitiesTests/Info.plist;
				LD_RUNPATH_SEARCH_PATHS = (
					"$(inherited)",
					"@executable_path/Frameworks",
					"@loader_path/Frameworks",
				);
				PRODUCT_BUNDLE_IDENTIFIER = ch.zoziapps.ZAPFoundationUIKitUtilitiesTests;
				PRODUCT_NAME = "$(TARGET_NAME)";
				SWIFT_VERSION = 5.0;
				TARGETED_DEVICE_FAMILY = "1,2";
			};
			name = Debug;
		};
		F8C2B3492196E02A00D42440 /* Release */ = {
			isa = XCBuildConfiguration;
			buildSettings = {
				ALWAYS_EMBED_SWIFT_STANDARD_LIBRARIES = YES;
				CODE_SIGN_STYLE = Automatic;
				DEVELOPMENT_TEAM = 3X3L9Z8E6B;
				INFOPLIST_FILE = ZAPFoundationUIKitUtilitiesTests/Info.plist;
				LD_RUNPATH_SEARCH_PATHS = (
					"$(inherited)",
					"@executable_path/Frameworks",
					"@loader_path/Frameworks",
				);
				PRODUCT_BUNDLE_IDENTIFIER = ch.zoziapps.ZAPFoundationUIKitUtilitiesTests;
				PRODUCT_NAME = "$(TARGET_NAME)";
				SWIFT_VERSION = 5.0;
				TARGETED_DEVICE_FAMILY = "1,2";
			};
			name = Release;
		};
		F8CD2D3A224CCDA400F01EDE /* Debug */ = {
			isa = XCBuildConfiguration;
			buildSettings = {
				ASSETCATALOG_COMPILER_APPICON_NAME = AppIcon;
				CODE_SIGN_STYLE = Automatic;
				DEVELOPMENT_TEAM = 3X3L9Z8E6B;
				INFOPLIST_FILE = ZAPStaticTableViewDemo/Info.plist;
				LD_RUNPATH_SEARCH_PATHS = (
					"$(inherited)",
					"@executable_path/Frameworks",
				);
				PRODUCT_BUNDLE_IDENTIFIER = ch.zoziapps.ZAPStaticTableViewDemo;
				PRODUCT_NAME = "$(TARGET_NAME)";
				SWIFT_VERSION = 4.2;
				TARGETED_DEVICE_FAMILY = "1,2";
			};
			name = Debug;
		};
		F8CD2D3B224CCDA400F01EDE /* Release */ = {
			isa = XCBuildConfiguration;
			buildSettings = {
				ASSETCATALOG_COMPILER_APPICON_NAME = AppIcon;
				CODE_SIGN_STYLE = Automatic;
				DEVELOPMENT_TEAM = 3X3L9Z8E6B;
				INFOPLIST_FILE = ZAPStaticTableViewDemo/Info.plist;
				LD_RUNPATH_SEARCH_PATHS = (
					"$(inherited)",
					"@executable_path/Frameworks",
				);
				PRODUCT_BUNDLE_IDENTIFIER = ch.zoziapps.ZAPStaticTableViewDemo;
				PRODUCT_NAME = "$(TARGET_NAME)";
				SWIFT_VERSION = 4.2;
				TARGETED_DEVICE_FAMILY = "1,2";
			};
			name = Release;
		};
/* End XCBuildConfiguration section */

/* Begin XCConfigurationList section */
		F8C2B32A2196E02A00D42440 /* Build configuration list for PBXProject "ZAPFoundationUIKitUtilities" */ = {
			isa = XCConfigurationList;
			buildConfigurations = (
				F8C2B3422196E02A00D42440 /* Debug */,
				F8C2B3432196E02A00D42440 /* Release */,
			);
			defaultConfigurationIsVisible = 0;
			defaultConfigurationName = Release;
		};
		F8C2B3442196E02A00D42440 /* Build configuration list for PBXNativeTarget "ZAPFoundationUIKitUtilities" */ = {
			isa = XCConfigurationList;
			buildConfigurations = (
				F8C2B3452196E02A00D42440 /* Debug */,
				F8C2B3462196E02A00D42440 /* Release */,
			);
			defaultConfigurationIsVisible = 0;
			defaultConfigurationName = Release;
		};
		F8C2B3472196E02A00D42440 /* Build configuration list for PBXNativeTarget "ZAPFoundationUIKitUtilitiesTests" */ = {
			isa = XCConfigurationList;
			buildConfigurations = (
				F8C2B3482196E02A00D42440 /* Debug */,
				F8C2B3492196E02A00D42440 /* Release */,
			);
			defaultConfigurationIsVisible = 0;
			defaultConfigurationName = Release;
		};
		F8CD2D3C224CCDA400F01EDE /* Build configuration list for PBXNativeTarget "ZAPStaticTableViewDemo" */ = {
			isa = XCConfigurationList;
			buildConfigurations = (
				F8CD2D3A224CCDA400F01EDE /* Debug */,
				F8CD2D3B224CCDA400F01EDE /* Release */,
			);
			defaultConfigurationIsVisible = 0;
			defaultConfigurationName = Release;
		};
/* End XCConfigurationList section */
	};
	rootObject = F8C2B3272196E02A00D42440 /* Project object */;
}
